{
  "name": "Android App",
  "lockfileVersion": 3,
  "requires": true,
  "packages": {
    "": {
      "dependencies": {
        "@react-native-community/slider": "^5.2.1"
      }
    },
    "node_modules/@react-native-community/slider": {
      "version": "5.2.1",
      "resolved": "https://registry.npmjs.org/@react-native-community/slider/-/slider-5.2.1.tgz",
      "integrity": "sha512-HBDPRFRIN47hRtd5tdDWZp3kkVN1z98jGbK9wHOfUfVO+PbBDZzD7xjiiyBqNpg6Rom2QPFOpBZzsB2bHy4yAQ==",
      "license": "MIT"
    }
  }
}
